
Microsoft Visual Studio Solution File, Format Version 12.00
# Visual Studio Version 16
VisualStudioVersion = 16.0.29613.14
MinimumVisualStudioVersion = 10.0.40219.1
Project("{FAE04EC0-301F-11D3-BF4B-00C04F79EFBC}") = "Desafio02", "Desafio02\Desafio02.csproj", "{420AB73B-E9A7-473B-8A2A-A5120732EEE2}"
EndProject
Global
	GlobalSection(SolutionConfigurationPlatforms) = preSolution
		Debug|Any CPU = Debug|Any CPU
		Release|Any CPU = Release|Any CPU
	EndGlobalSection
	GlobalSection(ProjectConfigurationPlatforms) = postSolution
		{420AB73B-E9A7-473B-8A2A-A5120732EEE2}.Debug|Any CPU.ActiveCfg = Debug|Any CPU
		{420AB73B-E9A7-473B-8A2A-A5120732EEE2}.Debug|Any CPU.Build.0 = Debug|Any CPU
		{420AB73B-E9A7-473B-8A2A-A5120732EEE2}.Release|Any CPU.ActiveCfg = Release|Any CPU
		{420AB73B-E9A7-473B-8A2A-A5120732EEE2}.Release|Any CPU.Build.0 = Release|Any CPU
	EndGlobalSection
	GlobalSection(SolutionProperties) = preSolution
		HideSolutionNode = FALSE
	EndGlobalSection
	GlobalSection(ExtensibilityGlobals) = postSolution
		SolutionGuid = {2ADEAD6A-8CE6-4C74-B76E-9B7CE689C4AC}
	EndGlobalSection
EndGlobal
