
Microsoft Visual Studio Solution File, Format Version 12.00
# Visual Studio Version 16
VisualStudioVersion = 16.0.29613.14
MinimumVisualStudioVersion = 10.0.40219.1
Project("{FAE04EC0-301F-11D3-BF4B-00C04F79EFBC}") = "Teste02", "Teste02\Teste02.csproj", "{326A817D-6D07-4577-A936-7C09D423DE31}"
EndProject
Global
	GlobalSection(SolutionConfigurationPlatforms) = preSolution
		Debug|Any CPU = Debug|Any CPU
		Release|Any CPU = Release|Any CPU
	EndGlobalSection
	GlobalSection(ProjectConfigurationPlatforms) = postSolution
		{326A817D-6D07-4577-A936-7C09D423DE31}.Debug|Any CPU.ActiveCfg = Debug|Any CPU
		{326A817D-6D07-4577-A936-7C09D423DE31}.Debug|Any CPU.Build.0 = Debug|Any CPU
		{326A817D-6D07-4577-A936-7C09D423DE31}.Release|Any CPU.ActiveCfg = Release|Any CPU
		{326A817D-6D07-4577-A936-7C09D423DE31}.Release|Any CPU.Build.0 = Release|Any CPU
	EndGlobalSection
	GlobalSection(SolutionProperties) = preSolution
		HideSolutionNode = FALSE
	EndGlobalSection
	GlobalSection(ExtensibilityGlobals) = postSolution
		SolutionGuid = {B8011148-1856-4973-BB6B-BDE70BFCE6FA}
	EndGlobalSection
EndGlobal
