
Microsoft Visual Studio Solution File, Format Version 12.00
# Visual Studio Version 16
VisualStudioVersion = 16.0.29613.14
MinimumVisualStudioVersion = 10.0.40219.1
Project("{FAE04EC0-301F-11D3-BF4B-00C04F79EFBC}") = "Desafio04-C-Sharp", "Desafio04-C-Sharp\Desafio04-C-Sharp.csproj", "{9208C00D-E438-4DC7-9B66-3BFBF7EDED70}"
EndProject
Global
	GlobalSection(SolutionConfigurationPlatforms) = preSolution
		Debug|Any CPU = Debug|Any CPU
		Release|Any CPU = Release|Any CPU
	EndGlobalSection
	GlobalSection(ProjectConfigurationPlatforms) = postSolution
		{9208C00D-E438-4DC7-9B66-3BFBF7EDED70}.Debug|Any CPU.ActiveCfg = Debug|Any CPU
		{9208C00D-E438-4DC7-9B66-3BFBF7EDED70}.Debug|Any CPU.Build.0 = Debug|Any CPU
		{9208C00D-E438-4DC7-9B66-3BFBF7EDED70}.Release|Any CPU.ActiveCfg = Release|Any CPU
		{9208C00D-E438-4DC7-9B66-3BFBF7EDED70}.Release|Any CPU.Build.0 = Release|Any CPU
	EndGlobalSection
	GlobalSection(SolutionProperties) = preSolution
		HideSolutionNode = FALSE
	EndGlobalSection
	GlobalSection(ExtensibilityGlobals) = postSolution
		SolutionGuid = {28A32594-B40F-48FE-9206-67257F06DE25}
	EndGlobalSection
EndGlobal
